
Microsoft Visual Studio Solution File, Format Version 12.00
# Visual Studio Version 16
VisualStudioVersion = 16.0.31129.286
MinimumVisualStudioVersion = 10.0.40219.1
Project("{2150E333-8FDC-42A3-9474-1A3956D46DE8}") = "UI", "UI", "{B85802A3-ED76-424E-A0E5-2A5073E79C94}"
EndProject
Project("{FAE04EC0-301F-11D3-BF4B-00C04F79EFBC}") = "SmartRestaurantWinUI", "SmartRestaurantWinUI\SmartRestaurantWinUI.csproj", "{E143878A-C6BF-4984-A17F-FEFC216EC665}"
EndProject
Project("{2150E333-8FDC-42A3-9474-1A3956D46DE8}") = "SmartRestaurant.Mobile", "SmartRestaurant.Mobile", "{8EDF6EB3-2913-4C01-811E-3E1082DE0B6E}"
EndProject
Project("{FAE04EC0-301F-11D3-BF4B-00C04F79EFBC}") = "MobileApps.UWP", "MobileApps\MobileApps.UWP\MobileApps.UWP.csproj", "{BD5475F2-7D53-472C-BB89-4F5CB78188B0}"
EndProject
Project("{FAE04EC0-301F-11D3-BF4B-00C04F79EFBC}") = "MobileApps.Android", "MobileApps\MobileApps.Android\MobileApps.Android.csproj", "{5B040F02-AA73-4F6A-81CB-03A416E5E5D5}"
EndProject
Project("{FAE04EC0-301F-11D3-BF4B-00C04F79EFBC}") = "MobileApps.iOS", "MobileApps\MobileApps.iOS\MobileApps.iOS.csproj", "{D06C7D3B-9E1A-451F-9DA8-C5D67FFF88ED}"
EndProject
Project("{9A19103F-16F7-4668-BE54-9A1E7A4F7556}") = "MobileApps", "MobileApps\MobileApps\MobileApps.csproj", "{7B2E8B11-1511-48D9-996E-277E9118C0C7}"
EndProject
Project("{9A19103F-16F7-4668-BE54-9A1E7A4F7556}") = "SmartRestaurant.Data", "SmartRestaurant.Data\SmartRestaurant.Data.csproj", "{0B718F48-378A-47D4-999B-03F682E46608}"
EndProject
Project("{9A19103F-16F7-4668-BE54-9A1E7A4F7556}") = "SmartRestaurant.WebAPI", "SmartRestaurant.WebAPI\SmartRestaurant.WebAPI.csproj", "{86AE29F2-B779-4390-A7BF-977BEF596281}"
EndProject
Global
	GlobalSection(SolutionConfigurationPlatforms) = preSolution
		Debug|Any CPU = Debug|Any CPU
		Debug|ARM = Debug|ARM
		Debug|iPhone = Debug|iPhone
		Debug|iPhoneSimulator = Debug|iPhoneSimulator
		Debug|x64 = Debug|x64
		Debug|x86 = Debug|x86
		Release|Any CPU = Release|Any CPU
		Release|ARM = Release|ARM
		Release|iPhone = Release|iPhone
		Release|iPhoneSimulator = Release|iPhoneSimulator
		Release|x64 = Release|x64
		Release|x86 = Release|x86
	EndGlobalSection
	GlobalSection(ProjectConfigurationPlatforms) = postSolution
		{E143878A-C6BF-4984-A17F-FEFC216EC665}.Debug|Any CPU.ActiveCfg = Debug|Any CPU
		{E143878A-C6BF-4984-A17F-FEFC216EC665}.Debug|Any CPU.Build.0 = Debug|Any CPU
		{E143878A-C6BF-4984-A17F-FEFC216EC665}.Debug|ARM.ActiveCfg = Debug|Any CPU
		{E143878A-C6BF-4984-A17F-FEFC216EC665}.Debug|ARM.Build.0 = Debug|Any CPU
		{E143878A-C6BF-4984-A17F-FEFC216EC665}.Debug|iPhone.ActiveCfg = Debug|Any CPU
		{E143878A-C6BF-4984-A17F-FEFC216EC665}.Debug|iPhone.Build.0 = Debug|Any CPU
		{E143878A-C6BF-4984-A17F-FEFC216EC665}.Debug|iPhoneSimulator.ActiveCfg = Debug|Any CPU
		{E143878A-C6BF-4984-A17F-FEFC216EC665}.Debug|iPhoneSimulator.Build.0 = Debug|Any CPU
		{E143878A-C6BF-4984-A17F-FEFC216EC665}.Debug|x64.ActiveCfg = Debug|Any CPU
		{E143878A-C6BF-4984-A17F-FEFC216EC665}.Debug|x64.Build.0 = Debug|Any CPU
		{E143878A-C6BF-4984-A17F-FEFC216EC665}.Debug|x86.ActiveCfg = Debug|Any CPU
		{E143878A-C6BF-4984-A17F-FEFC216EC665}.Debug|x86.Build.0 = Debug|Any CPU
		{E143878A-C6BF-4984-A17F-FEFC216EC665}.Release|Any CPU.ActiveCfg = Release|Any CPU
		{E143878A-C6BF-4984-A17F-FEFC216EC665}.Release|Any CPU.Build.0 = Release|Any CPU
		{E143878A-C6BF-4984-A17F-FEFC216EC665}.Release|ARM.ActiveCfg = Release|Any CPU
		{E143878A-C6BF-4984-A17F-FEFC216EC665}.Release|ARM.Build.0 = Release|Any CPU
		{E143878A-C6BF-4984-A17F-FEFC216EC665}.Release|iPhone.ActiveCfg = Release|Any CPU
		{E143878A-C6BF-4984-A17F-FEFC216EC665}.Release|iPhone.Build.0 = Release|Any CPU
		{E143878A-C6BF-4984-A17F-FEFC216EC665}.Release|iPhoneSimulator.ActiveCfg = Release|Any CPU
		{E143878A-C6BF-4984-A17F-FEFC216EC665}.Release|iPhoneSimulator.Build.0 = Release|Any CPU
		{E143878A-C6BF-4984-A17F-FEFC216EC665}.Release|x64.ActiveCfg = Release|Any CPU
		{E143878A-C6BF-4984-A17F-FEFC216EC665}.Release|x64.Build.0 = Release|Any CPU
		{E143878A-C6BF-4984-A17F-FEFC216EC665}.Release|x86.ActiveCfg = Release|Any CPU
		{E143878A-C6BF-4984-A17F-FEFC216EC665}.Release|x86.Build.0 = Release|Any CPU
		{BD5475F2-7D53-472C-BB89-4F5CB78188B0}.Debug|Any CPU.ActiveCfg = Debug|x86
		{BD5475F2-7D53-472C-BB89-4F5CB78188B0}.Debug|Any CPU.Build.0 = Debug|x86
		{BD5475F2-7D53-472C-BB89-4F5CB78188B0}.Debug|Any CPU.Deploy.0 = Debug|x86
		{BD5475F2-7D53-472C-BB89-4F5CB78188B0}.Debug|ARM.ActiveCfg = Debug|ARM
		{BD5475F2-7D53-472C-BB89-4F5CB78188B0}.Debug|ARM.Build.0 = Debug|ARM
		{BD5475F2-7D53-472C-BB89-4F5CB78188B0}.Debug|ARM.Deploy.0 = Debug|ARM
		{BD5475F2-7D53-472C-BB89-4F5CB78188B0}.Debug|iPhone.ActiveCfg = Debug|x86
		{BD5475F2-7D53-472C-BB89-4F5CB78188B0}.Debug|iPhoneSimulator.ActiveCfg = Debug|x86
		{BD5475F2-7D53-472C-BB89-4F5CB78188B0}.Debug|x64.ActiveCfg = Debug|x64
		{BD5475F2-7D53-472C-BB89-4F5CB78188B0}.Debug|x64.Build.0 = Debug|x64
		{BD5475F2-7D53-472C-BB89-4F5CB78188B0}.Debug|x64.Deploy.0 = Debug|x64
		{BD5475F2-7D53-472C-BB89-4F5CB78188B0}.Debug|x86.ActiveCfg = Debug|x86
		{BD5475F2-7D53-472C-BB89-4F5CB78188B0}.Debug|x86.Build.0 = Debug|x86
		{BD5475F2-7D53-472C-BB89-4F5CB78188B0}.Debug|x86.Deploy.0 = Debug|x86
		{BD5475F2-7D53-472C-BB89-4F5CB78188B0}.Release|Any CPU.ActiveCfg = Release|x86
		{BD5475F2-7D53-472C-BB89-4F5CB78188B0}.Release|ARM.ActiveCfg = Release|ARM
		{BD5475F2-7D53-472C-BB89-4F5CB78188B0}.Release|ARM.Build.0 = Release|ARM
		{BD5475F2-7D53-472C-BB89-4F5CB78188B0}.Release|ARM.Deploy.0 = Release|ARM
		{BD5475F2-7D53-472C-BB89-4F5CB78188B0}.Release|iPhone.ActiveCfg = Release|x86
		{BD5475F2-7D53-472C-BB89-4F5CB78188B0}.Release|iPhoneSimulator.ActiveCfg = Release|x86
		{BD5475F2-7D53-472C-BB89-4F5CB78188B0}.Release|x64.ActiveCfg = Release|x64
		{BD5475F2-7D53-472C-BB89-4F5CB78188B0}.Release|x64.Build.0 = Release|x64
		{BD5475F2-7D53-472C-BB89-4F5CB78188B0}.Release|x64.Deploy.0 = Release|x64
		{BD5475F2-7D53-472C-BB89-4F5CB78188B0}.Release|x86.ActiveCfg = Release|x86
		{BD5475F2-7D53-472C-BB89-4F5CB78188B0}.Release|x86.Build.0 = Release|x86
		{BD5475F2-7D53-472C-BB89-4F5CB78188B0}.Release|x86.Deploy.0 = Release|x86
		{5B040F02-AA73-4F6A-81CB-03A416E5E5D5}.Debug|Any CPU.ActiveCfg = Debug|Any CPU
		{5B040F02-AA73-4F6A-81CB-03A416E5E5D5}.Debug|Any CPU.Build.0 = Debug|Any CPU
		{5B040F02-AA73-4F6A-81CB-03A416E5E5D5}.Debug|Any CPU.Deploy.0 = Debug|Any CPU
		{5B040F02-AA73-4F6A-81CB-03A416E5E5D5}.Debug|ARM.ActiveCfg = Debug|Any CPU
		{5B040F02-AA73-4F6A-81CB-03A416E5E5D5}.Debug|ARM.Build.0 = Debug|Any CPU
		{5B040F02-AA73-4F6A-81CB-03A416E5E5D5}.Debug|ARM.Deploy.0 = Debug|Any CPU
		{5B040F02-AA73-4F6A-81CB-03A416E5E5D5}.Debug|iPhone.ActiveCfg = Debug|Any CPU
		{5B040F02-AA73-4F6A-81CB-03A416E5E5D5}.Debug|iPhone.Build.0 = Debug|Any CPU
		{5B040F02-AA73-4F6A-81CB-03A416E5E5D5}.Debug|iPhone.Deploy.0 = Debug|Any CPU
		{5B040F02-AA73-4F6A-81CB-03A416E5E5D5}.Debug|iPhoneSimulator.ActiveCfg = Debug|Any CPU
		{5B040F02-AA73-4F6A-81CB-03A416E5E5D5}.Debug|iPhoneSimulator.Build.0 = Debug|Any CPU
		{5B040F02-AA73-4F6A-81CB-03A416E5E5D5}.Debug|iPhoneSimulator.Deploy.0 = Debug|Any CPU
		{5B040F02-AA73-4F6A-81CB-03A416E5E5D5}.Debug|x64.ActiveCfg = Debug|Any CPU
		{5B040F02-AA73-4F6A-81CB-03A416E5E5D5}.Debug|x64.Build.0 = Debug|Any CPU
		{5B040F02-AA73-4F6A-81CB-03A416E5E5D5}.Debug|x64.Deploy.0 = Debug|Any CPU
		{5B040F02-AA73-4F6A-81CB-03A416E5E5D5}.Debug|x86.ActiveCfg = Debug|Any CPU
		{5B040F02-AA73-4F6A-81CB-03A416E5E5D5}.Debug|x86.Build.0 = Debug|Any CPU
		{5B040F02-AA73-4F6A-81CB-03A416E5E5D5}.Debug|x86.Deploy.0 = Debug|Any CPU
		{5B040F02-AA73-4F6A-81CB-03A416E5E5D5}.Release|Any CPU.ActiveCfg = Release|Any CPU
		{5B040F02-AA73-4F6A-81CB-03A416E5E5D5}.Release|Any CPU.Build.0 = Release|Any CPU
		{5B040F02-AA73-4F6A-81CB-03A416E5E5D5}.Release|Any CPU.Deploy.0 = Release|Any CPU
		{5B040F02-AA73-4F6A-81CB-03A416E5E5D5}.Release|ARM.ActiveCfg = Release|Any CPU
		{5B040F02-AA73-4F6A-81CB-03A416E5E5D5}.Release|ARM.Build.0 = Release|Any CPU
		{5B040F02-AA73-4F6A-81CB-03A416E5E5D5}.Release|ARM.Deploy.0 = Release|Any CPU
		{5B040F02-AA73-4F6A-81CB-03A416E5E5D5}.Release|iPhone.ActiveCfg = Release|Any CPU
		{5B040F02-AA73-4F6A-81CB-03A416E5E5D5}.Release|iPhone.Build.0 = Release|Any CPU
		{5B040F02-AA73-4F6A-81CB-03A416E5E5D5}.Release|iPhone.Deploy.0 = Release|Any CPU
		{5B040F02-AA73-4F6A-81CB-03A416E5E5D5}.Release|iPhoneSimulator.ActiveCfg = Release|Any CPU
		{5B040F02-AA73-4F6A-81CB-03A416E5E5D5}.Release|iPhoneSimulator.Build.0 = Release|Any CPU
		{5B040F02-AA73-4F6A-81CB-03A416E5E5D5}.Release|iPhoneSimulator.Deploy.0 = Release|Any CPU
		{5B040F02-AA73-4F6A-81CB-03A416E5E5D5}.Release|x64.ActiveCfg = Release|Any CPU
		{5B040F02-AA73-4F6A-81CB-03A416E5E5D5}.Release|x64.Build.0 = Release|Any CPU
		{5B040F02-AA73-4F6A-81CB-03A416E5E5D5}.Release|x64.Deploy.0 = Release|Any CPU
		{5B040F02-AA73-4F6A-81CB-03A416E5E5D5}.Release|x86.ActiveCfg = Release|Any CPU
		{5B040F02-AA73-4F6A-81CB-03A416E5E5D5}.Release|x86.Build.0 = Release|Any CPU
		{5B040F02-AA73-4F6A-81CB-03A416E5E5D5}.Release|x86.Deploy.0 = Release|Any CPU
		{D06C7D3B-9E1A-451F-9DA8-C5D67FFF88ED}.Debug|Any CPU.ActiveCfg = Debug|iPhoneSimulator
		{D06C7D3B-9E1A-451F-9DA8-C5D67FFF88ED}.Debug|ARM.ActiveCfg = Debug|iPhoneSimulator
		{D06C7D3B-9E1A-451F-9DA8-C5D67FFF88ED}.Debug|iPhone.ActiveCfg = Debug|iPhone
		{D06C7D3B-9E1A-451F-9DA8-C5D67FFF88ED}.Debug|iPhone.Build.0 = Debug|iPhone
		{D06C7D3B-9E1A-451F-9DA8-C5D67FFF88ED}.Debug|iPhoneSimulator.ActiveCfg = Debug|iPhoneSimulator
		{D06C7D3B-9E1A-451F-9DA8-C5D67FFF88ED}.Debug|iPhoneSimulator.Build.0 = Debug|iPhoneSimulator
		{D06C7D3B-9E1A-451F-9DA8-C5D67FFF88ED}.Debug|x64.ActiveCfg = Debug|iPhoneSimulator
		{D06C7D3B-9E1A-451F-9DA8-C5D67FFF88ED}.Debug|x86.ActiveCfg = Debug|iPhoneSimulator
		{D06C7D3B-9E1A-451F-9DA8-C5D67FFF88ED}.Release|Any CPU.ActiveCfg = Release|iPhoneSimulator
		{D06C7D3B-9E1A-451F-9DA8-C5D67FFF88ED}.Release|ARM.ActiveCfg = Release|iPhoneSimulator
		{D06C7D3B-9E1A-451F-9DA8-C5D67FFF88ED}.Release|iPhone.ActiveCfg = Release|iPhone
		{D06C7D3B-9E1A-451F-9DA8-C5D67FFF88ED}.Release|iPhone.Build.0 = Release|iPhone
		{D06C7D3B-9E1A-451F-9DA8-C5D67FFF88ED}.Release|iPhoneSimulator.ActiveCfg = Release|iPhoneSimulator
		{D06C7D3B-9E1A-451F-9DA8-C5D67FFF88ED}.Release|iPhoneSimulator.Build.0 = Release|iPhoneSimulator
		{D06C7D3B-9E1A-451F-9DA8-C5D67FFF88ED}.Release|x64.ActiveCfg = Release|iPhoneSimulator
		{D06C7D3B-9E1A-451F-9DA8-C5D67FFF88ED}.Release|x86.ActiveCfg = Release|iPhoneSimulator
		{7B2E8B11-1511-48D9-996E-277E9118C0C7}.Debug|Any CPU.ActiveCfg = Debug|Any CPU
		{7B2E8B11-1511-48D9-996E-277E9118C0C7}.Debug|Any CPU.Build.0 = Debug|Any CPU
		{7B2E8B11-1511-48D9-996E-277E9118C0C7}.Debug|ARM.ActiveCfg = Debug|Any CPU
		{7B2E8B11-1511-48D9-996E-277E9118C0C7}.Debug|ARM.Build.0 = Debug|Any CPU
		{7B2E8B11-1511-48D9-996E-277E9118C0C7}.Debug|iPhone.ActiveCfg = Debug|Any CPU
		{7B2E8B11-1511-48D9-996E-277E9118C0C7}.Debug|iPhone.Build.0 = Debug|Any CPU
		{7B2E8B11-1511-48D9-996E-277E9118C0C7}.Debug|iPhoneSimulator.ActiveCfg = Debug|Any CPU
		{7B2E8B11-1511-48D9-996E-277E9118C0C7}.Debug|iPhoneSimulator.Build.0 = Debug|Any CPU
		{7B2E8B11-1511-48D9-996E-277E9118C0C7}.Debug|x64.ActiveCfg = Debug|Any CPU
		{7B2E8B11-1511-48D9-996E-277E9118C0C7}.Debug|x64.Build.0 = Debug|Any CPU
		{7B2E8B11-1511-48D9-996E-277E9118C0C7}.Debug|x86.ActiveCfg = Debug|Any CPU
		{7B2E8B11-1511-48D9-996E-277E9118C0C7}.Debug|x86.Build.0 = Debug|Any CPU
		{7B2E8B11-1511-48D9-996E-277E9118C0C7}.Release|Any CPU.ActiveCfg = Release|Any CPU
		{7B2E8B11-1511-48D9-996E-277E9118C0C7}.Release|Any CPU.Build.0 = Release|Any CPU
		{7B2E8B11-1511-48D9-996E-277E9118C0C7}.Release|ARM.ActiveCfg = Release|Any CPU
		{7B2E8B11-1511-48D9-996E-277E9118C0C7}.Release|ARM.Build.0 = Release|Any CPU
		{7B2E8B11-1511-48D9-996E-277E9118C0C7}.Release|iPhone.ActiveCfg = Release|Any CPU
		{7B2E8B11-1511-48D9-996E-277E9118C0C7}.Release|iPhone.Build.0 = Release|Any CPU
		{7B2E8B11-1511-48D9-996E-277E9118C0C7}.Release|iPhoneSimulator.ActiveCfg = Release|Any CPU
		{7B2E8B11-1511-48D9-996E-277E9118C0C7}.Release|iPhoneSimulator.Build.0 = Release|Any CPU
		{7B2E8B11-1511-48D9-996E-277E9118C0C7}.Release|x64.ActiveCfg = Release|Any CPU
		{7B2E8B11-1511-48D9-996E-277E9118C0C7}.Release|x64.Build.0 = Release|Any CPU
		{7B2E8B11-1511-48D9-996E-277E9118C0C7}.Release|x86.ActiveCfg = Release|Any CPU
		{7B2E8B11-1511-48D9-996E-277E9118C0C7}.Release|x86.Build.0 = Release|Any CPU
		{0B718F48-378A-47D4-999B-03F682E46608}.Debug|Any CPU.ActiveCfg = Debug|Any CPU
		{0B718F48-378A-47D4-999B-03F682E46608}.Debug|Any CPU.Build.0 = Debug|Any CPU
		{0B718F48-378A-47D4-999B-03F682E46608}.Debug|ARM.ActiveCfg = Debug|Any CPU
		{0B718F48-378A-47D4-999B-03F682E46608}.Debug|ARM.Build.0 = Debug|Any CPU
		{0B718F48-378A-47D4-999B-03F682E46608}.Debug|iPhone.ActiveCfg = Debug|Any CPU
		{0B718F48-378A-47D4-999B-03F682E46608}.Debug|iPhone.Build.0 = Debug|Any CPU
		{0B718F48-378A-47D4-999B-03F682E46608}.Debug|iPhoneSimulator.ActiveCfg = Debug|Any CPU
		{0B718F48-378A-47D4-999B-03F682E46608}.Debug|iPhoneSimulator.Build.0 = Debug|Any CPU
		{0B718F48-378A-47D4-999B-03F682E46608}.Debug|x64.ActiveCfg = Debug|Any CPU
		{0B718F48-378A-47D4-999B-03F682E46608}.Debug|x64.Build.0 = Debug|Any CPU
		{0B718F48-378A-47D4-999B-03F682E46608}.Debug|x86.ActiveCfg = Debug|Any CPU
		{0B718F48-378A-47D4-999B-03F682E46608}.Debug|x86.Build.0 = Debug|Any CPU
		{0B718F48-378A-47D4-999B-03F682E46608}.Release|Any CPU.ActiveCfg = Release|Any CPU
		{0B718F48-378A-47D4-999B-03F682E46608}.Release|Any CPU.Build.0 = Release|Any CPU
		{0B718F48-378A-47D4-999B-03F682E46608}.Release|ARM.ActiveCfg = Release|Any CPU
		{0B718F48-378A-47D4-999B-03F682E46608}.Release|ARM.Build.0 = Release|Any CPU
		{0B718F48-378A-47D4-999B-03F682E46608}.Release|iPhone.ActiveCfg = Release|Any CPU
		{0B718F48-378A-47D4-999B-03F682E46608}.Release|iPhone.Build.0 = Release|Any CPU
		{0B718F48-378A-47D4-999B-03F682E46608}.Release|iPhoneSimulator.ActiveCfg = Release|Any CPU
		{0B718F48-378A-47D4-999B-03F682E46608}.Release|iPhoneSimulator.Build.0 = Release|Any CPU
		{0B718F48-378A-47D4-999B-03F682E46608}.Release|x64.ActiveCfg = Release|Any CPU
		{0B718F48-378A-47D4-999B-03F682E46608}.Release|x64.Build.0 = Release|Any CPU
		{0B718F48-378A-47D4-999B-03F682E46608}.Release|x86.ActiveCfg = Release|Any CPU
		{0B718F48-378A-47D4-999B-03F682E46608}.Release|x86.Build.0 = Release|Any CPU
		{86AE29F2-B779-4390-A7BF-977BEF596281}.Debug|Any CPU.ActiveCfg = Debug|Any CPU
		{86AE29F2-B779-4390-A7BF-977BEF596281}.Debug|Any CPU.Build.0 = Debug|Any CPU
		{86AE29F2-B779-4390-A7BF-977BEF596281}.Debug|ARM.ActiveCfg = Debug|Any CPU
		{86AE29F2-B779-4390-A7BF-977BEF596281}.Debug|ARM.Build.0 = Debug|Any CPU
		{86AE29F2-B779-4390-A7BF-977BEF596281}.Debug|iPhone.ActiveCfg = Debug|Any CPU
		{86AE29F2-B779-4390-A7BF-977BEF596281}.Debug|iPhone.Build.0 = Debug|Any CPU
		{86AE29F2-B779-4390-A7BF-977BEF596281}.Debug|iPhoneSimulator.ActiveCfg = Debug|Any CPU
		{86AE29F2-B779-4390-A7BF-977BEF596281}.Debug|iPhoneSimulator.Build.0 = Debug|Any CPU
		{86AE29F2-B779-4390-A7BF-977BEF596281}.Debug|x64.ActiveCfg = Debug|Any CPU
		{86AE29F2-B779-4390-A7BF-977BEF596281}.Debug|x64.Build.0 = Debug|Any CPU
		{86AE29F2-B779-4390-A7BF-977BEF596281}.Debug|x86.ActiveCfg = Debug|Any CPU
		{86AE29F2-B779-4390-A7BF-977BEF596281}.Debug|x86.Build.0 = Debug|Any CPU
		{86AE29F2-B779-4390-A7BF-977BEF596281}.Release|Any CPU.ActiveCfg = Release|Any CPU
		{86AE29F2-B779-4390-A7BF-977BEF596281}.Release|Any CPU.Build.0 = Release|Any CPU
		{86AE29F2-B779-4390-A7BF-977BEF596281}.Release|ARM.ActiveCfg = Release|Any CPU
		{86AE29F2-B779-4390-A7BF-977BEF596281}.Release|ARM.Build.0 = Release|Any CPU
		{86AE29F2-B779-4390-A7BF-977BEF596281}.Release|iPhone.ActiveCfg = Release|Any CPU
		{86AE29F2-B779-4390-A7BF-977BEF596281}.Release|iPhone.Build.0 = Release|Any CPU
		{86AE29F2-B779-4390-A7BF-977BEF596281}.Release|iPhoneSimulator.ActiveCfg = Release|Any CPU
		{86AE29F2-B779-4390-A7BF-977BEF596281}.Release|iPhoneSimulator.Build.0 = Release|Any CPU
		{86AE29F2-B779-4390-A7BF-977BEF596281}.Release|x64.ActiveCfg = Release|Any CPU
		{86AE29F2-B779-4390-A7BF-977BEF596281}.Release|x64.Build.0 = Release|Any CPU
		{86AE29F2-B779-4390-A7BF-977BEF596281}.Release|x86.ActiveCfg = Release|Any CPU
		{86AE29F2-B779-4390-A7BF-977BEF596281}.Release|x86.Build.0 = Release|Any CPU
	EndGlobalSection
	GlobalSection(SolutionProperties) = preSolution
		HideSolutionNode = FALSE
	EndGlobalSection
	GlobalSection(NestedProjects) = preSolution
		{E143878A-C6BF-4984-A17F-FEFC216EC665} = {B85802A3-ED76-424E-A0E5-2A5073E79C94}
		{BD5475F2-7D53-472C-BB89-4F5CB78188B0} = {8EDF6EB3-2913-4C01-811E-3E1082DE0B6E}
		{5B040F02-AA73-4F6A-81CB-03A416E5E5D5} = {8EDF6EB3-2913-4C01-811E-3E1082DE0B6E}
		{D06C7D3B-9E1A-451F-9DA8-C5D67FFF88ED} = {8EDF6EB3-2913-4C01-811E-3E1082DE0B6E}
		{7B2E8B11-1511-48D9-996E-277E9118C0C7} = {8EDF6EB3-2913-4C01-811E-3E1082DE0B6E}
	EndGlobalSection
	GlobalSection(ExtensibilityGlobals) = postSolution
		SolutionGuid = {27BA6B78-BFC7-4A1D-AB35-10190BD243B1}
	EndGlobalSection
EndGlobal
